
Microsoft Visual Studio Solution File, Format Version 11.00
# Visual C++ Express 2010
Project("{8BC9CEB8-8B4A-11D0-8D11-00A0C91BC942}") = "OpenCV_test3", "OpenCV_test3\OpenCV_test3.vcxproj", "{271AFC83-895B-4A59-9CD0-C68A69F0506C}"
EndProject
Global
	GlobalSection(SolutionConfigurationPlatforms) = preSolution
		Debug|Win32 = Debug|Win32
		Release|Win32 = Release|Win32
	EndGlobalSection
	GlobalSection(ProjectConfigurationPlatforms) = postSolution
		{271AFC83-895B-4A59-9CD0-C68A69F0506C}.Debug|Win32.ActiveCfg = Debug|Win32
		{271AFC83-895B-4A59-9CD0-C68A69F0506C}.Debug|Win32.Build.0 = Debug|Win32
		{271AFC83-895B-4A59-9CD0-C68A69F0506C}.Release|Win32.ActiveCfg = Release|Win32
		{271AFC83-895B-4A59-9CD0-C68A69F0506C}.Release|Win32.Build.0 = Release|Win32
	EndGlobalSection
	GlobalSection(SolutionProperties) = preSolution
		HideSolutionNode = FALSE
	EndGlobalSection
EndGlobal
